hash: 7ea6b367f7a03346910e25217c8dd32259f3e59ce783c0a77117029c4eeaff0f
updated: 2016-12-29T07:27:41.029378332-05:00
imports:
- name: github.com/pkg/errors
  version: 645ef00459ed84a119197bfb8d8205042c6df63d
- name: github.com/spf13/viper
  version: 5ed0fc31f7f453625df314d8e66b9791e8d13003
testImports: []
